<Solution>
  <Folder Name="/solution items/">
    <File Path="CLAUDE.md" />
    <File Path="Directory.Build.targets" />
    <File Path="Directory.Packages.props" />
    <File Path="version.json" />
  </Folder>
  <Project Path="IdKeeper.ApiService/IdKeeper.ApiService.csproj" />
  <Project Path="IdKeeper.AppHost/IdKeeper.AppHost.csproj" />
  <Project Path="IdKeeper.Common/IdKeeper.Common.csproj" />
  <Project Path="IdKeeper.RedisBackupTool/IdKeeper.RedisBackupTool.csproj" />
  <Project Path="IdKeeper.RedisCommon/IdKeeper.Database.Redis.csproj" />
  <Project Path="IdKeeper.ServiceDefaults/IdKeeper.ServiceDefaults.csproj" />
  <Project Path="IdKeeper.SnowflakeApiService/IdKeeper.SnowflakeApiService.csproj" />
  <Project Path="IdKeeper.SnowflakeApiService.Tests/IdKeeper.SnowflakeApiService.Tests.csproj" />
  <Project Path="IdKeeper.Web/IdKeeper.Web.csproj" />
</Solution>
